<?xml version="1.0" encoding="utf-8"?>
<Project ToolsVersion="4.0" xmlns="http://schemas.microsoft.com/developer/msbuild/2003">
  <ItemGroup>
    <Filter Include="Source Files">
      <UniqueIdentifier>{4FC737F1-C7A5-4376-A066-2A32D752A2FF}</UniqueIdentifier>
      <Extensions>cpp;c;cc;cxx;def;odl;idl;hpj;bat;asm;asmx</Extensions>
    </Filter>
    <Filter Include="Header Files">
      <UniqueIdentifier>{93995380-89BD-4b04-88EB-625FBE52EBFB}</UniqueIdentifier>
      <Extensions>h;hh;hpp;hxx;hm;inl;inc;xsd</Extensions>
    </Filter>
    <Filter Include="Resource Files">
      <UniqueIdentifier>{67DA6AB6-F800-4c08-8B7A-83BB121AAD01}</UniqueIdentifier>
      <Extensions>rc;ico;cur;bmp;dlg;rc2;rct;bin;rgs;gif;jpg;jpeg;jpe;resx;tiff;tif;png;wav;mfcribbon-ms</Extensions>
    </Filter>
    <Filter Include="Source Files\Animation">
      <UniqueIdentifier>{faf17a88-b524-4670-8aa5-24fa7bed22d4}</UniqueIdentifier>
    </Filter>
    <Filter Include="Source Files\Item">
      <UniqueIdentifier>{92a1f134-9859-4282-9b90-5b7da57b5bd2}</UniqueIdentifier>
    </Filter>
    <Filter Include="Source Files\Map">
      <UniqueIdentifier>{8b277a79-f4ae-47df-85bf-53c606333118}</UniqueIdentifier>
    </Filter>
    <Filter Include="Source Files\Physics">
      <UniqueIdentifier>{b4973cf3-f1d3-4709-8bb6-5715e4293820}</UniqueIdentifier>
    </Filter>
    <Filter Include="Source Files\States">
      <UniqueIdentifier>{a0ddace7-4de7-4e51-ad8e-dea5902f5cc5}</UniqueIdentifier>
    </Filter>
    <Filter Include="Source Files\Utils">
      <UniqueIdentifier>{6978b8bd-001e-4ba9-ae3b-0ddec738acf5}</UniqueIdentifier>
    </Filter>
    <Filter Include="Header Files\Animation">
      <UniqueIdentifier>{256370ac-c43b-4658-95c6-12856001227b}</UniqueIdentifier>
    </Filter>
    <Filter Include="Header Files\Item">
      <UniqueIdentifier>{48863c60-8881-407f-ae73-a1a863031941}</UniqueIdentifier>
    </Filter>
    <Filter Include="Header Files\Map">
      <UniqueIdentifier>{a9efecff-0828-4139-ab00-723d594142ff}</UniqueIdentifier>
    </Filter>
    <Filter Include="Header Files\Utils">
      <UniqueIdentifier>{029b17f2-d3c4-4ca5-b386-8d7760bec768}</UniqueIdentifier>
    </Filter>
    <Filter Include="Header Files\States">
      <UniqueIdentifier>{5e35bfb6-73a1-4322-b979-3def2bb8fcaa}</UniqueIdentifier>
    </Filter>
    <Filter Include="Header Files\Physics">
      <UniqueIdentifier>{030bb67e-2fc1-41b0-a773-57a6992e668d}</UniqueIdentifier>
    </Filter>
    <Filter Include="Header Files\States\MiniGame">
      <UniqueIdentifier>{0ec69e08-8c87-4ae5-87ae-41156e735500}</UniqueIdentifier>
    </Filter>
    <Filter Include="Source Files\States\MiniGame">
      <UniqueIdentifier>{57a65f84-ae23-4358-b259-2b035cf00bdb}</UniqueIdentifier>
    </Filter>
    <Filter Include="Header Files\Ui">
      <UniqueIdentifier>{c26123ae-2962-46c3-b1af-9a38b3f2c2fd}</UniqueIdentifier>
    </Filter>
    <Filter Include="Source Files\Ui">
      <UniqueIdentifier>{642680a6-4b5a-4015-8eb8-acc2bb1e9ee0}</UniqueIdentifier>
    </Filter>
  </ItemGroup>
  <ItemGroup>
    <ClInclude Include="src\Animation\Animation.h">
      <Filter>Header Files\Animation</Filter>
    </ClInclude>
    <ClInclude Include="src\Animation\AnimationNode.h">
      <Filter>Header Files\Animation</Filter>
    </ClInclude>
    <ClInclude Include="src\Animation\AnimationReader.h">
      <Filter>Header Files\Animation</Filter>
    </ClInclude>
    <ClInclude Include="src\Animation\Sprite.h">
      <Filter>Header Files\Animation</Filter>
    </ClInclude>
    <ClInclude Include="src\Item\Armor.h">
      <Filter>Header Files\Item</Filter>
    </ClInclude>
    <ClInclude Include="src\Item\Item.h">
      <Filter>Header Files\Item</Filter>
    </ClInclude>
    <ClInclude Include="src\Item\Weapon.h">
      <Filter>Header Files\Item</Filter>
    </ClInclude>
    <ClInclude Include="src\Map\Map.h">
      <Filter>Header Files\Map</Filter>
    </ClInclude>
    <ClInclude Include="src\Map\MapReader.h">
      <Filter>Header Files\Map</Filter>
    </ClInclude>
    <ClInclude Include="src\Physics\Lightning.h">
      <Filter>Header Files\Physics</Filter>
    </ClInclude>
    <ClInclude Include="src\Physics\Physics.h">
      <Filter>Header Files\Physics</Filter>
    </ClInclude>
    <ClInclude Include="src\Physics\Raycast.h">
      <Filter>Header Files\Physics</Filter>
    </ClInclude>
    <ClInclude Include="src\States\IntroState.h">
      <Filter>Header Files\States</Filter>
    </ClInclude>
    <ClInclude Include="src\States\MenuState.h">
      <Filter>Header Files\States</Filter>
    </ClInclude>
    <ClInclude Include="src\States\State.h">
      <Filter>Header Files\States</Filter>
    </ClInclude>
    <ClInclude Include="src\Utils\Vector2.h">
      <Filter>Header Files\Utils</Filter>
    </ClInclude>
    <ClInclude Include="src\Camera.h">
      <Filter>Header Files</Filter>
    </ClInclude>
    <ClInclude Include="src\Drawable.h">
      <Filter>Header Files</Filter>
    </ClInclude>
    <ClInclude Include="src\GameEngine.h">
      <Filter>Header Files</Filter>
    </ClInclude>
    <ClInclude Include="src\GraphicHelper.h">
      <Filter>Header Files</Filter>
    </ClInclude>
    <ClInclude Include="src\InputHandler.h">
      <Filter>Header Files</Filter>
    </ClInclude>
    <ClInclude Include="src\Player.h">
      <Filter>Header Files</Filter>
    </ClInclude>
    <ClInclude Include="src\Unit.h">
      <Filter>Header Files</Filter>
    </ClInclude>
    <ClInclude Include="src\States\MiniGame\MiniGamePetState.h">
      <Filter>Header Files\States\MiniGame</Filter>
    </ClInclude>
    <ClInclude Include="src\States\MiniGame\MiniGamePowerState.h">
      <Filter>Header Files\States\MiniGame</Filter>
    </ClInclude>
    <ClInclude Include="src\States\MiniGame\MiniGameYogaState.h">
      <Filter>Header Files\States\MiniGame</Filter>
    </ClInclude>
    <ClInclude Include="src\States\CreditState.h">
      <Filter>Header Files\States</Filter>
    </ClInclude>
    <ClInclude Include="src\States\EndingPrisonState.h">
      <Filter>Header Files\States</Filter>
    </ClInclude>
    <ClInclude Include="src\States\PlayerHouseState.h">
      <Filter>Header Files\States</Filter>
    </ClInclude>
    <ClInclude Include="src\States\WorldState.h">
      <Filter>Header Files\States</Filter>
    </ClInclude>
    <ClInclude Include="src\SoundHandler.h">
      <Filter>Header Files</Filter>
    </ClInclude>
    <ClInclude Include="src\Ui\DialogHandler.h">
      <Filter>Header Files\Ui</Filter>
    </ClInclude>
    <ClInclude Include="src\Ui\Menu.h">
      <Filter>Header Files\Ui</Filter>
    </ClInclude>
    <ClInclude Include="src\Ui\MenuTel.h">
      <Filter>Header Files\Ui</Filter>
    </ClInclude>
    <ClInclude Include="src\Ui\MenuTv.h">
      <Filter>Header Files\Ui</Filter>
    </ClInclude>
  </ItemGroup>
  <ItemGroup>
    <ClCompile Include="src\Animation\Animation.cpp">
      <Filter>Source Files\Animation</Filter>
    </ClCompile>
    <ClCompile Include="src\Animation\AnimationNode.cpp">
      <Filter>Source Files\Animation</Filter>
    </ClCompile>
    <ClCompile Include="src\Animation\AnimationReader.cpp">
      <Filter>Source Files\Animation</Filter>
    </ClCompile>
    <ClCompile Include="src\Animation\Sprite.cpp">
      <Filter>Source Files\Animation</Filter>
    </ClCompile>
    <ClCompile Include="src\Item\Armor.cpp">
      <Filter>Source Files\Item</Filter>
    </ClCompile>
    <ClCompile Include="src\Item\Item.cpp">
      <Filter>Source Files\Item</Filter>
    </ClCompile>
    <ClCompile Include="src\Item\Weapon.cpp">
      <Filter>Source Files\Item</Filter>
    </ClCompile>
    <ClCompile Include="src\Map\Map.cpp">
      <Filter>Source Files\Map</Filter>
    </ClCompile>
    <ClCompile Include="src\Map\MapReader.cpp">
      <Filter>Source Files\Map</Filter>
    </ClCompile>
    <ClCompile Include="src\Physics\Lightning.cpp">
      <Filter>Source Files\Physics</Filter>
    </ClCompile>
    <ClCompile Include="src\Physics\Physics.cpp">
      <Filter>Source Files\Physics</Filter>
    </ClCompile>
    <ClCompile Include="src\Physics\Raycast.cpp">
      <Filter>Source Files\Physics</Filter>
    </ClCompile>
    <ClCompile Include="src\States\IntroState.cpp">
      <Filter>Source Files\States</Filter>
    </ClCompile>
    <ClCompile Include="src\States\MenuState.cpp">
      <Filter>Source Files\States</Filter>
    </ClCompile>
    <ClCompile Include="src\Utils\Vector2.cpp">
      <Filter>Source Files\Utils</Filter>
    </ClCompile>
    <ClCompile Include="src\Camera.cpp">
      <Filter>Source Files</Filter>
    </ClCompile>
    <ClCompile Include="src\GameEngine.cpp">
      <Filter>Source Files</Filter>
    </ClCompile>
    <ClCompile Include="src\GraphicHelper.cpp">
      <Filter>Source Files</Filter>
    </ClCompile>
    <ClCompile Include="src\InputHandler.cpp">
      <Filter>Source Files</Filter>
    </ClCompile>
    <ClCompile Include="src\Main.cpp">
      <Filter>Source Files</Filter>
    </ClCompile>
    <ClCompile Include="src\Player.cpp">
      <Filter>Source Files</Filter>
    </ClCompile>
    <ClCompile Include="src\Unit.cpp">
      <Filter>Source Files</Filter>
    </ClCompile>
    <ClCompile Include="src\States\MiniGame\MiniGamePetState.cpp">
      <Filter>Source Files\States\MiniGame</Filter>
    </ClCompile>
    <ClCompile Include="src\States\MiniGame\MiniGamePowerState.cpp">
      <Filter>Source Files\States\MiniGame</Filter>
    </ClCompile>
    <ClCompile Include="src\States\MiniGame\MiniGameYogaState.cpp">
      <Filter>Source Files\States\MiniGame</Filter>
    </ClCompile>
    <ClCompile Include="src\States\CreditState.cpp">
      <Filter>Source Files\States</Filter>
    </ClCompile>
    <ClCompile Include="src\States\EndingPrisonState.cpp">
      <Filter>Source Files\States</Filter>
    </ClCompile>
    <ClCompile Include="src\States\PlayerHouseState.cpp">
      <Filter>Source Files\States</Filter>
    </ClCompile>
    <ClCompile Include="src\States\WorldState.cpp">
      <Filter>Source Files\States</Filter>
    </ClCompile>
    <ClCompile Include="src\SoundHandler.cpp">
      <Filter>Source Files</Filter>
    </ClCompile>
    <ClCompile Include="src\Ui\DialogHandler.cpp">
      <Filter>Source Files\Ui</Filter>
    </ClCompile>
    <ClCompile Include="src\Ui\Menu.cpp">
      <Filter>Source Files\Ui</Filter>
    </ClCompile>
    <ClCompile Include="src\Ui\MenuTel.cpp">
      <Filter>Source Files\Ui</Filter>
    </ClCompile>
    <ClCompile Include="src\Ui\MenuTv.cpp">
      <Filter>Source Files\Ui</Filter>
    </ClCompile>
  </ItemGroup>
</Project>